{
  "nodes": {
    "flake-utils": {
      "locked": {
        "lastModified": 1659877975,
        "narHash": "sha256-zllb8aq3YO3h8B/U0/J1WBgAL8EX5yWf5pMj3G0NAmc=",
        "owner": "numtide",
        "repo": "flake-utils",
        "rev": "c0e246b9b83f637f4681389ecabcb2681b4f3af0",
        "type": "github"
      },
      "original": {
        "owner": "numtide",
        "repo": "flake-utils",
        "type": "github"
      }
    },
    "flake-utils_2": {
      "locked": {
        "lastModified": 1614513358,
        "narHash": "sha256-LakhOx3S1dRjnh0b5Dg3mbZyH0ToC9I8Y2wKSkBaTzU=",
        "owner": "numtide",
        "repo": "flake-utils",
        "rev": "5466c5bbece17adaab2d82fae80b46e807611bf3",
        "type": "github"
      },
      "original": {
        "owner": "numtide",
        "repo": "flake-utils",
        "type": "github"
      }
    },
    "nixpkgs": {
      "locked": {
        "lastModified": 1664370076,
        "narHash": "sha256-NDnIo0nxJozLwEw0VPM+RApMA90uTfbvaNNtC5eB7Os=",
        "owner": "nixos",
        "repo": "nixpkgs",
        "rev": "854fdc68881791812eddd33b2fed94b954979a8e",
        "type": "github"
      },
      "original": {
        "owner": "nixos",
        "ref": "nixos-unstable",
        "repo": "nixpkgs",
        "type": "github"
      }
    },
    "nixpkgs_2": {
      "locked": {
        "lastModified": 1614934292,
        "narHash": "sha256-TyKuSbTiUZcfrCx3G7ipLb2GzTGc/bf5qYPu8gGdkwI=",
        "owner": "NixOS",
        "repo": "nixpkgs",
        "rev": "1d73b07d8746ed62cce744d8ed6a99a7398ec276",
        "type": "github"
      },
      "original": {
        "owner": "NixOS",
        "repo": "nixpkgs",
        "type": "github"
      }
    },
    "pre-commit-hooks": {
      "inputs": {
        "flake-utils": [
          "flake-utils"
        ],
        "nixpkgs": [
          "nixpkgs"
        ]
      },
      "locked": {
        "lastModified": 1663082609,
        "narHash": "sha256-lmCCIu4dj59qbzkGKHQtolhpIEQMeAd2XUbXVPqgPYo=",
        "owner": "cachix",
        "repo": "pre-commit-hooks.nix",
        "rev": "60cad1a326df17a8c6cf2bb23436609fdd83024e",
        "type": "github"
      },
      "original": {
        "owner": "cachix",
        "repo": "pre-commit-hooks.nix",
        "type": "github"
      }
    },
    "root": {
      "inputs": {
        "flake-utils": "flake-utils",
        "nixpkgs": "nixpkgs",
        "pre-commit-hooks": "pre-commit-hooks",
        "tex2nix": "tex2nix"
      }
    },
    "tex2nix": {
      "inputs": {
        "flake-utils": "flake-utils_2",
        "nixpkgs": "nixpkgs_2"
      },
      "locked": {
        "lastModified": 1646670117,
        "narHash": "sha256-fU6gLOP2xm6lTRKfMKeXAm7rEhYAVR4RcRFK1zh/QTM=",
        "owner": "Mic92",
        "repo": "tex2nix",
        "rev": "74159694f0c27ffa3f9172c6d691635568fbece4",
        "type": "github"
      },
      "original": {
        "owner": "Mic92",
        "repo": "tex2nix",
        "type": "github"
      }
    }
  },
  "root": "root",
  "version": 7
}
